
Microsoft Visual Studio Solution File, Format Version 12.00
# Visual Studio Version 17
VisualStudioVersion = 17.4.33205.214
MinimumVisualStudioVersion = 10.0.40219.1
Project("{FAE04EC0-301F-11D3-BF4B-00C04F79EFBC}") = "Tic-Tac-Toe", "Tic-Tac-Toe\Tic-Tac-Toe.csproj", "{72E46C83-CFE4-4886-9105-0EC5AB760BA1}"
EndProject
Global
	GlobalSection(SolutionConfigurationPlatforms) = preSolution
		Debug|Any CPU = Debug|Any CPU
		Release|Any CPU = Release|Any CPU
	EndGlobalSection
	GlobalSection(ProjectConfigurationPlatforms) = postSolution
		{72E46C83-CFE4-4886-9105-0EC5AB760BA1}.Debug|Any CPU.ActiveCfg = Debug|Any CPU
		{72E46C83-CFE4-4886-9105-0EC5AB760BA1}.Debug|Any CPU.Build.0 = Debug|Any CPU
		{72E46C83-CFE4-4886-9105-0EC5AB760BA1}.Release|Any CPU.ActiveCfg = Release|Any CPU
		{72E46C83-CFE4-4886-9105-0EC5AB760BA1}.Release|Any CPU.Build.0 = Release|Any CPU
	EndGlobalSection
	GlobalSection(SolutionProperties) = preSolution
		HideSolutionNode = FALSE
	EndGlobalSection
	GlobalSection(ExtensibilityGlobals) = postSolution
		SolutionGuid = {FE8BB7C8-42E8-4E48-949F-995C3331A667}
	EndGlobalSection
EndGlobal
